{
  "version": "5",
  "specifiers": {
    "jsr:@std/fs@1": "1.0.23",
    "jsr:@std/internal@^1.0.12": "1.0.12",
    "jsr:@std/path@^1.1.4": "1.1.4",
    "npm:@biomejs/js-api@4.0.0": "4.0.0_@biomejs+wasm-bundler@2.4.15",
    "npm:@biomejs/wasm-bundler@2.4.15": "2.4.15",
    "npm:@fuzdev/fuz_util@0.60.1": "0.60.1_svelte@5.55.7_zod@4.3.6",
    "npm:@oxc-parser/binding-wasm32-wasi@0.131.0": "0.131.0",
    "npm:@sveltejs/acorn-typescript@1.0.9": "1.0.9_acorn@8.16.0",
    "npm:acorn@8.16.0": "8.16.0",
    "npm:oxc-parser@0.131.0": "0.131.0",
    "npm:oxfmt@0.50.0": "0.50.0_svelte@5.55.7",
    "npm:prettier-plugin-svelte@3.5.2": "3.5.2_prettier@3.8.3_svelte@5.55.7",
    "npm:prettier@3.8.3": "3.8.3",
    "npm:svelte@5.55.7": "5.55.7",
    "npm:zod@4": "4.3.6"
  },
  "jsr": {
    "@std/fs@1.0.23": {
      "integrity": "3ecbae4ce4fee03b180fa710caff36bb5adb66631c46a6460aaad49515565a37",
      "dependencies": [
        "jsr:@std/path"
      ]
    },
    "@std/internal@1.0.12": {
      "integrity": "972a634fd5bc34b242024402972cd5143eac68d8dffaca5eaa4dba30ce17b027"
    },
    "@std/path@1.1.4": {
      "integrity": "1d2d43f39efb1b42f0b1882a25486647cb851481862dc7313390b2bb044314b5",
      "dependencies": [
        "jsr:@std/internal"
      ]
    }
  },
  "npm": {
    "@biomejs/js-api@4.0.0_@biomejs+wasm-bundler@2.4.15": {
      "integrity": "sha512-EOArR/6drRzM1/hwOIz1pZw90FL31Ud4Y7hEHGWVtMNmAwS9SrwZ8hMENGlLVXCeGW/kL46p8kX7eO6x9Nmezg==",
      "dependencies": [
        "@biomejs/wasm-bundler"
      ],
      "optionalPeers": [
        "@biomejs/wasm-bundler"
      ]
    },
    "@biomejs/wasm-bundler@2.4.15": {
      "integrity": "sha512-9Q4x0saIQuG70LuKdu5e6rz0WgA4xu9u/ilnlTQHyVYLetE9twuTIXwXX17TouE7csyD63Madu+xa/x8w2o8pw=="
    },
    "@emnapi/core@1.10.0": {
      "integrity": "sha512-yq6OkJ4p82CAfPl0u9mQebQHKPJkY7WrIuk205cTYnYe+k2Z8YBh11FrbRG/H6ihirqcacOgl2BIO8oyMQLeXw==",
      "dependencies": [
        "@emnapi/wasi-threads",
        "tslib"
      ]
    },
    "@emnapi/runtime@1.10.0": {
      "integrity": "sha512-ewvYlk86xUoGI0zQRNq/mC+16R1QeDlKQy21Ki3oSYXNgLb45GV1P6A0M+/s6nyCuNDqe5VpaY84BzXGwVbwFA==",
      "dependencies": [
        "tslib"
      ]
    },
    "@emnapi/wasi-threads@1.2.1": {
      "integrity": "sha512-uTII7OYF+/Mes/MrcIOYp5yOtSMLBWSIoLPpcgwipoiKbli6k322tcoFsxoIIxPDqW01SQGAgko4EzZi2BNv2w==",
      "dependencies": [
        "tslib"
      ]
    },
    "@fuzdev/fuz_util@0.60.1_svelte@5.55.7_zod@4.3.6": {
      "integrity": "sha512-uJvpk0kfa0/IpVqTZb5zxJEYLg4i/LvuSudWhuoc00HyFAotD5go8WgxZRARibCfVczyyVk61ExaJ6flaNao2A==",
      "dependencies": [
        "svelte",
        "zod"
      ],
      "optionalPeers": [
        "svelte",
        "zod"
      ]
    },
    "@jridgewell/gen-mapping@0.3.13": {
      "integrity": "sha512-2kkt/7niJ6MgEPxF0bYdQ6etZaA+fQvDcLKckhy1yIQOzaoKjBBjSj63/aLVjYE3qhRt5dvM+uUyfCg6UKCBbA==",
      "dependencies": [
        "@jridgewell/sourcemap-codec",
        "@jridgewell/trace-mapping"
      ]
    },
    "@jridgewell/remapping@2.3.5": {
      "integrity": "sha512-LI9u/+laYG4Ds1TDKSJW2YPrIlcVYOwi2fUC6xB43lueCjgxV4lffOCZCtYFiH6TNOX+tQKXx97T4IKHbhyHEQ==",
      "dependencies": [
        "@jridgewell/gen-mapping",
        "@jridgewell/trace-mapping"
      ]
    },
    "@jridgewell/resolve-uri@3.1.2": {
      "integrity": "sha512-bRISgCIjP20/tbWSPWMEi54QVPRZExkuD9lJL+UIxUKtwVJA8wW1Trb1jMs1RFXo1CBTNZ/5hpC9QvmKWdopKw=="
    },
    "@jridgewell/sourcemap-codec@1.5.5": {
      "integrity": "sha512-cYQ9310grqxueWbl+WuIUIaiUaDcj7WOq5fVhEljNVgRfOUhY9fy2zTvfoqWsnebh8Sl70VScFbICvJnLKB0Og=="
    },
    "@jridgewell/trace-mapping@0.3.31": {
      "integrity": "sha512-zzNR+SdQSDJzc8joaeP8QQoCQr8NuYx2dIIytl1QeBEZHJ9uW6hebsrYgbz8hJwUQao3TWCMtmfV8Nu1twOLAw==",
      "dependencies": [
        "@jridgewell/resolve-uri",
        "@jridgewell/sourcemap-codec"
      ]
    },
    "@napi-rs/wasm-runtime@1.1.4_@emnapi+core@1.10.0_@emnapi+runtime@1.10.0": {
      "integrity": "sha512-3NQNNgA1YSlJb/kMH1ildASP9HW7/7kYnRI2szWJaofaS1hWmbGI4H+d3+22aGzXXN9IJ+n+GiFVcGipJP18ow==",
      "dependencies": [
        "@emnapi/core",
        "@emnapi/runtime",
        "@tybys/wasm-util"
      ]
    },
    "@oxc-parser/binding-android-arm-eabi@0.131.0": {
      "integrity": "sha512-t2xicr9pfzkSRYx5aPqZqlLaayIwJTqgQ81Jor31Xep2nGyL2Aq3d0K5wOfeR7VevaSdxaS9dzSQP9xDwn8fDg==",
      "os": ["android"],
      "cpu": ["arm"]
    },
    "@oxc-parser/binding-android-arm64@0.131.0": {
      "integrity": "sha512-nlGIod6gw75x1aEDgLS+srj+JRGY0HHm9MI9YgzE/B64l6d6+H3MSP9NOgp0+HTg8tp4vV9rVfgQGgd+TfVZcA==",
      "os": ["android"],
      "cpu": ["arm64"]
    },
    "@oxc-parser/binding-darwin-arm64@0.131.0": {
      "integrity": "sha512-jukuV6xe5RbQKFo7QD34NDCLDZp4PSOm8rmckhNdH/60ymG5zXbDzGBEyc+nTkuLQNama2aSGCt+CPfpjNTqyw==",
      "os": ["darwin"],
      "cpu": ["arm64"]
    },
    "@oxc-parser/binding-darwin-x64@0.131.0": {
      "integrity": "sha512-g3JOo4khe9rslHm5WYaVDWb0HS/M1MLR3I9S8560MkKIcC96VQY00QjOlsuRyfSj/JDXj8i9T7ryPO2RidiXVg==",
      "os": ["darwin"],
      "cpu": ["x64"]
    },
    "@oxc-parser/binding-freebsd-x64@0.131.0": {
      "integrity": "sha512-1hziITDTxjMePnX+dR9ocVT+EuZkQ8wm4FPAbmbEiKG+Phbo73J1ZnPAA6Y/aGsWF3McOFnQuZIktAFwalkfJQ==",
      "os": ["freebsd"],
      "cpu": ["x64"]
    },
    "@oxc-parser/binding-linux-arm-gnueabihf@0.131.0": {
      "integrity": "sha512-9uRxfXwyKG9+MwmGQBo2ncPNwZH5HTmCETFM2WiuDBNDCW4NC5ttSQkwCAMrTAWgwMzVBH1CP8pM0v7nebCWXQ==",
      "os": ["linux"],
      "cpu": ["arm"]
    },
    "@oxc-parser/binding-linux-arm-musleabihf@0.131.0": {
      "integrity": "sha512-mgbLvzRShXOLBdWGInf08Af4q+pfj1xD8hSgLClDZ9of/BXkB6+LIhTH7fihiDUipqB3yoSkKBWaZ3Ejlf5Yag==",
      "os": ["linux"],
      "cpu": ["arm"]
    },
    "@oxc-parser/binding-linux-arm64-gnu@0.131.0": {
      "integrity": "sha512-OPT8++4aN6j2GJ8+3IZHS/byXoZP4aSBn+FoG6rgBJ2fKwPKXWF3MqrFMNW7NKHM28FLY579xYLxJSfgobEqPA==",
      "os": ["linux"],
      "cpu": ["arm64"]
    },
    "@oxc-parser/binding-linux-arm64-musl@0.131.0": {
      "integrity": "sha512-vtPiwmfVTAXzaxDKsOXG+LwgRAA7WEnaeHzhS5z0GE89gAK18KSXnly7Z6saXXq6L3dVMyK44uoTI03zKxrpmw==",
      "os": ["linux"],
      "cpu": ["arm64"]
    },
    "@oxc-parser/binding-linux-ppc64-gnu@0.131.0": {
      "integrity": "sha512-8AW8L7w5cGHSdZPcyZX2yR0+GUODsT15rbRjfdD54rv6DMbtuEB19ysLOpKJlRGfH6UNYNpCHaU1uJWgTWf1/w==",
      "os": ["linux"],
      "cpu": ["ppc64"]
    },
    "@oxc-parser/binding-linux-riscv64-gnu@0.131.0": {
      "integrity": "sha512-vvpjkjEOUsPcsYf8evE4MO3aGx9+3wodXEBOicGNnOwTuAik8eBONNkgSdhkGsAblQmfVHJyanRnpxglddTXIA==",
      "os": ["linux"],
      "cpu": ["riscv64"]
    },
    "@oxc-parser/binding-linux-riscv64-musl@0.131.0": {
      "integrity": "sha512-AqmcNC3fClXX+fxQ6VGEN1667xVFiRBkY0CZmDMSiaeFUsv1+UkBPYYi48IUKcA9/ivvoKNRzQl2I4//kT9F/w==",
      "os": ["linux"],
      "cpu": ["riscv64"]
    },
    "@oxc-parser/binding-linux-s390x-gnu@0.131.0": {
      "integrity": "sha512-7d3jOMKy7RSQCcDLIci+ySll2FgsOMl/GiRux4q2JNv0zg4EdhFISa9idvrdN/HEUIQQJNg6dmveUeJl2YErGA==",
      "os": ["linux"],
      "cpu": ["s390x"]
    },
    "@oxc-parser/binding-linux-x64-gnu@0.131.0": {
      "integrity": "sha512-JHK/h95qVqVQ+ITER837kcTdwBDFpFaNnOTYGCP0zdUSX/mLKC7tXOoyrTb6vG7iRPwGlcgBil3v2IjYw1FqJA==",
      "os": ["linux"],
      "cpu": ["x64"]
    },
    "@oxc-parser/binding-linux-x64-musl@0.131.0": {
      "integrity": "sha512-b2BO82O8azXAyf7EUgOPKu145nWypbNyk07HbU09fkzhm9lEA5oPvaN/M8Nlo7tOErVTa2WOgS4QbOnxAPXdDQ==",
      "os": ["linux"],
      "cpu": ["x64"]
    },
    "@oxc-parser/binding-openharmony-arm64@0.131.0": {
      "integrity": "sha512-GHO9glZaX7LkX/OGfluEPf1yjg+ehiFbUdowbX6uNWOQhmwKWU4m4+nZ9FJkrHNKuxyI1KKertMdGjVKCApKWA==",
      "os": ["openharmony"],
      "cpu": ["arm64"]
    },
    "@oxc-parser/binding-wasm32-wasi@0.131.0": {
      "integrity": "sha512-3SkikPaEFoih1N83qLVEDLRLeY4nYsf6JT9SnWiMCQ5lGQdKup6bEuKCqkRiG9dD1IIaFeYz9RjlciPmYoFIWA==",
      "dependencies": [
        "@emnapi/core",
        "@emnapi/runtime",
        "@napi-rs/wasm-runtime"
      ],
      "cpu": ["wasm32"]
    },
    "@oxc-parser/binding-win32-arm64-msvc@0.131.0": {
      "integrity": "sha512-Os5bEhryeA2jkH+ZrnZyAC1EP5gs+X4YB1Fjqml7UPD5kU7ecsK1MPEVMfCrdt/GDNpDbavYXiOXOdyJ5b3OPw==",
      "os": ["win32"],
      "cpu": ["arm64"]
    },
    "@oxc-parser/binding-win32-ia32-msvc@0.131.0": {
      "integrity": "sha512-m+jNz9EuF0NXoiptc6B9h5yompZQVW/a5MJeOu5zojfH5yWk82tvF2ccrHkfhgtrS9h9DD5l1Qv8dWlfY7Nz8g==",
      "os": ["win32"],
      "cpu": ["ia32"]
    },
    "@oxc-parser/binding-win32-x64-msvc@0.131.0": {
      "integrity": "sha512-o14Hk8dAyiEUMFEWEgmAwFZvBt1RzAYLM3xeQ+5315JXgVYhoemivgYcbYVRbsFkS71ShMGlAFE0kPnr460rww==",
      "os": ["win32"],
      "cpu": ["x64"]
    },
    "@oxc-project/types@0.131.0": {
      "integrity": "sha512-PgnWDfV0h+b16XNKbXU7Daib/BFSt/J2mEzfYIBu6JB/wNdlU+kVYXCkGA1A9fWkTbOgbjh4e6NhPeQOYvFhEA=="
    },
    "@oxfmt/binding-android-arm-eabi@0.50.0": {
      "integrity": "sha512-ICXQVKrDvsWUtfx6EiVJxfWrajKTwTfRV8vz2XiMkxZeuCKJLgD4YAj6dE3BWvpqDlkVkie4VSTAtMUWO9LDXg==",
      "os": ["android"],
      "cpu": ["arm"]
    },
    "@oxfmt/binding-android-arm64@0.50.0": {
      "integrity": "sha512-quwjLQFkuW6OwLHeDeIXsTzOmipQFQbqsYN9HLk2B5I01IlAQZHP1UiLIg0O7pP+dUgPD2AD7SCYA3gs6NH5/g==",
      "os": ["android"],
      "cpu": ["arm64"]
    },
    "@oxfmt/binding-darwin-arm64@0.50.0": {
      "integrity": "sha512-ikU5umElcMi78/TNI334wtjr5WZ5F4nWa1aIDseAKKGL0W3ygxeYKkrIJ0fggWa8MOon66BmG3xCqmX1m9YAOw==",
      "os": ["darwin"],
      "cpu": ["arm64"]
    },
    "@oxfmt/binding-darwin-x64@0.50.0": {
      "integrity": "sha512-WT4MOYG4mv9IXrH0m60vHsJh+rRMPSOKTQmwDpwmgQ+DuW/i5dU4pqc0HDO5uclO5vjz5IFX5z/taW86LSVe/g==",
      "os": ["darwin"],
      "cpu": ["x64"]
    },
    "@oxfmt/binding-freebsd-x64@0.50.0": {
      "integrity": "sha512-gH0rycVXqV4juWkvLs2uPMtTyppDc7qEUVzXAxnQ7FpcSZNXqKowUgtjH8q67ngj416r8+4NnAlyR/D35zwwhQ==",
      "os": ["freebsd"],
      "cpu": ["x64"]
    },
    "@oxfmt/binding-linux-arm-gnueabihf@0.50.0": {
      "integrity": "sha512-wL/k+o0hiTeRvi/gPzeC1L/yTHTXIeHDKWU09s2zTBmv7ma59wTm+fADNSGYxhJQDxyavQbwTf1QpW3Zj924tQ==",
      "os": ["linux"],
      "cpu": ["arm"]
    },
    "@oxfmt/binding-linux-arm-musleabihf@0.50.0": {
      "integrity": "sha512-Y59FKqoUM3Gf00E395b4ixfWyJGwO2GzaZawF5MZoVWcb3f6CkWUXyao0jyOvoIxDMzMybcVRuXyG7ih/Nxweg==",
      "os": ["linux"],
      "cpu": ["arm"]
    },
    "@oxfmt/binding-linux-arm64-gnu@0.50.0": {
      "integrity": "sha512-OvXbfTjMignXWyJXg/NOFsiy996vFe8wb9tkxJaUq8ylq0XrzJg3ttavC5Tcmm6F8/GUs2r3XFJWWu9q/27uYw==",
      "os": ["linux"],
      "cpu": ["arm64"]
    },
    "@oxfmt/binding-linux-arm64-musl@0.50.0": {
      "integrity": "sha512-rqmvHZm7vMa3NLYa0khwkhReCmp9tqKnF23TFZ7S5cYJLvIE4b0k8famWE7kO897/DXznJe675n5SohFBggbxA==",
      "os": ["linux"],
      "cpu": ["arm64"]
    },
    "@oxfmt/binding-linux-ppc64-gnu@0.50.0": {
      "integrity": "sha512-49bAdYbMSde42tzPDtuHnBWzOgmoS0PT9THCjvMnDVYMQYiHzPc2Mv5rkpBHVQOXM+PHfafJlxgK0anXSWBVvw==",
      "os": ["linux"],
      "cpu": ["ppc64"]
    },
    "@oxfmt/binding-linux-riscv64-gnu@0.50.0": {
      "integrity": "sha512-VFT25/6kckkIM62KeWB2bi+xCEmC/zC+DcMaIpEfaio8ulkGDLSiTz11TyK0eqgTl3x5OklYEGDWohvAgOr8Bw==",
      "os": ["linux"],
      "cpu": ["riscv64"]
    },
    "@oxfmt/binding-linux-riscv64-musl@0.50.0": {
      "integrity": "sha512-BBJMuNy6jjkXjUUINF5UTQqb/nvjmtJad43Gp7bab0AAURAdthhJvduR7rHpWInpWYiaMzYsdrmURNcrmpxdZA==",
      "os": ["linux"],
      "cpu": ["riscv64"]
    },
    "@oxfmt/binding-linux-s390x-gnu@0.50.0": {
      "integrity": "sha512-Xd4y+yjAYHKmryXhyUUwbyRD01iKfcvI74iE01L6p4F8SwjhZQXDshK+T8PcrPZLiFqH263P5xqJk94amjkjzQ==",
      "os": ["linux"],
      "cpu": ["s390x"]
    },
    "@oxfmt/binding-linux-x64-gnu@0.50.0": {
      "integrity": "sha512-Qp96rYJru7l++7mk4R+eh8qq9GFfFAMdmoN6VGoRHI8AA1XMnUIzH4u+zOcKZZwY+irHdsaBldDearwB4nOH7A==",
      "os": ["linux"],
      "cpu": ["x64"]
    },
    "@oxfmt/binding-linux-x64-musl@0.50.0": {
      "integrity": "sha512-5XLGp+yd5w2Key5LMqJO+X3XVsJKgeeUKljy32+MBF/J/JZ5m8WHl6dI5eOQOr3ixopxPiXIyDAxn3slI3UXiQ==",
      "os": ["linux"],
      "cpu": ["x64"]
    },
    "@oxfmt/binding-openharmony-arm64@0.50.0": {
      "integrity": "sha512-QAxwzh7+GHugCD7WuERolVs8TKQwXNIAZXAHHTecbKVc9oWBkWzOiLauQuezXS57tVcof5zhi1IjZ8tOV0htTg==",
      "os": ["openharmony"],
      "cpu": ["arm64"]
    },
    "@oxfmt/binding-win32-arm64-msvc@0.50.0": {
      "integrity": "sha512-3nKN/kqClm9iCFWTwtJ9UpR5SGyExp5l3nw6uIiBt+3XitQtszin+vjHrL7JHfDksZ7Svigdaow2zqz/IKCfqw==",
      "os": ["win32"],
      "cpu": ["arm64"]
    },
    "@oxfmt/binding-win32-ia32-msvc@0.50.0": {
      "integrity": "sha512-3r6XZ8+X6qlLbXaPW2NygfiAWSpKbkE36pAVzS83mY+cYY+pSMalJ+qnCgkr92tr+Iqv988XKQ1CpARTg9ITbQ==",
      "os": ["win32"],
      "cpu": ["ia32"]
    },
    "@oxfmt/binding-win32-x64-msvc@0.50.0": {
      "integrity": "sha512-BSE8D8KsvquMG9vU+Qt4qGuoOcZ36rxU5S6ZkHNguj+MlWkXWCBETnno3yJ9CfWvfCrbmieaN9LK6hdcdHNZ/w==",
      "os": ["win32"],
      "cpu": ["x64"]
    },
    "@sveltejs/acorn-typescript@1.0.9_acorn@8.16.0": {
      "integrity": "sha512-lVJX6qEgs/4DOcRTpo56tmKzVPtoWAaVbL4hfO7t7NVwl9AAXzQR6cihesW1BmNMPl+bK6dreu2sOKBP2Q9CIA==",
      "dependencies": [
        "acorn"
      ]
    },
    "@tybys/wasm-util@0.10.2": {
      "integrity": "sha512-RoBvJ2X0wuKlWFIjrwffGw1IqZHKQqzIchKaadZZfnNpsAYp2mM0h36JtPCjNDAHGgYez/15uMBpfGwchhiMgg==",
      "dependencies": [
        "tslib"
      ]
    },
    "@types/estree@1.0.9": {
      "integrity": "sha512-GhdPgy1el4/ImP05X05Uw4cw2/M93BCUmnEvWZNStlCzEKME4Fkk+YpoA5OiHNQmoS7Cafb8Xa3Pya8m1Qrzeg=="
    },
    "@types/trusted-types@2.0.7": {
      "integrity": "sha512-ScaPdn1dQczgbl0QFTeTOmVHFULt394XJgOQNoyVhZ6r2vLnMLJfBPd53SB52T/3G36VI1/g2MZaX0cwDuXsfw=="
    },
    "acorn@8.16.0": {
      "integrity": "sha512-UVJyE9MttOsBQIDKw1skb9nAwQuR5wuGD3+82K6JgJlm/Y+KI92oNsMNGZCYdDsVtRHSak0pcV5Dno5+4jh9sw==",
      "bin": true
    },
    "aria-query@5.3.1": {
      "integrity": "sha512-Z/ZeOgVl7bcSYZ/u/rh0fOpvEpq//LZmdbkXyc7syVzjPAhfOa9ebsdTSjEBDU4vs5nC98Kfduj1uFo0qyET3g=="
    },
    "axobject-query@4.1.0": {
      "integrity": "sha512-qIj0G9wZbMGNLjLmg1PT6v2mE9AH2zlnADJD/2tC6E00hgmhUOfEB6greHPAfLRSufHqROIUTkw6E+M3lH0PTQ=="
    },
    "clsx@2.1.1": {
      "integrity": "sha512-eYm0QWBtUrBWZWG0d386OGAw16Z995PiOVo2B7bjWSbHedGl5e0ZWaq65kOGgUSNesEIDkB9ISbTg/JK9dhCZA=="
    },
    "devalue@5.8.1": {
      "integrity": "sha512-4CXDYRBGqN+57wVJkuXBYmpAVUSg3L6JAQa/DFqm238G73E1wuyc/JhGQJzN7vUf/CMphYau2zXbfWzDR5aTEw=="
    },
    "esm-env@1.2.2": {
      "integrity": "sha512-Epxrv+Nr/CaL4ZcFGPJIYLWFom+YeV1DqMLHJoEd9SYRxNbaFruBwfEX/kkHUJf55j2+TUbmDcmuilbP1TmXHA=="
    },
    "esrap@2.2.9": {
      "integrity": "sha512-4KijP+NxCWthMCUC3qHbE6n4vCjqgJS1uAYKhuT/GWfFTf1Qyive2TgOjep+gzbSzRfnNyaN/UU9YmdOt8Eg0A==",
      "dependencies": [
        "@jridgewell/sourcemap-codec"
      ]
    },
    "is-reference@3.0.3": {
      "integrity": "sha512-ixkJoqQvAP88E6wLydLGGqCJsrFUnqoH6HnaczB8XmDH1oaWU+xxdptvikTgaEhtZ53Ky6YXiBuUI2WXLMCwjw==",
      "dependencies": [
        "@types/estree"
      ]
    },
    "locate-character@3.0.0": {
      "integrity": "sha512-SW13ws7BjaeJ6p7Q6CO2nchbYEc3X3J6WrmTTDto7yMPqVSZTUyY5Tjbid+Ab8gLnATtygYtiDIJGQRRn2ZOiA=="
    },
    "magic-string@0.30.21": {
      "integrity": "sha512-vd2F4YUyEXKGcLHoq+TEyCjxueSeHnFxyyjNp80yg0XV4vUhnDer/lvvlqM/arB5bXQN5K2/3oinyCRyx8T2CQ==",
      "dependencies": [
        "@jridgewell/sourcemap-codec"
      ]
    },
    "oxc-parser@0.131.0": {
      "integrity": "sha512-SJ3/7ZPbgie8dr5Z9BI/M51zZbpXba+hRSG0MDzVwMW5CRQg2fjYE0jHGlLX4eeiibGgC/mzoDFKSDHwVZEHRQ==",
      "dependencies": [
        "@oxc-project/types"
      ],
      "optionalDependencies": [
        "@oxc-parser/binding-android-arm-eabi",
        "@oxc-parser/binding-android-arm64",
        "@oxc-parser/binding-darwin-arm64",
        "@oxc-parser/binding-darwin-x64",
        "@oxc-parser/binding-freebsd-x64",
        "@oxc-parser/binding-linux-arm-gnueabihf",
        "@oxc-parser/binding-linux-arm-musleabihf",
        "@oxc-parser/binding-linux-arm64-gnu",
        "@oxc-parser/binding-linux-arm64-musl",
        "@oxc-parser/binding-linux-ppc64-gnu",
        "@oxc-parser/binding-linux-riscv64-gnu",
        "@oxc-parser/binding-linux-riscv64-musl",
        "@oxc-parser/binding-linux-s390x-gnu",
        "@oxc-parser/binding-linux-x64-gnu",
        "@oxc-parser/binding-linux-x64-musl",
        "@oxc-parser/binding-openharmony-arm64",
        "@oxc-parser/binding-wasm32-wasi",
        "@oxc-parser/binding-win32-arm64-msvc",
        "@oxc-parser/binding-win32-ia32-msvc",
        "@oxc-parser/binding-win32-x64-msvc"
      ]
    },
    "oxfmt@0.50.0_svelte@5.55.7": {
      "integrity": "sha512-owwjTnhfM5aCOJhYeqDvk7iM504OeYFZpdRU7cxx7xtZMo4uVpjlryTUon+Cf76CugsvnqA32e6rC73pr1hXaw==",
      "dependencies": [
        "svelte",
        "tinypool"
      ],
      "optionalDependencies": [
        "@oxfmt/binding-android-arm-eabi",
        "@oxfmt/binding-android-arm64",
        "@oxfmt/binding-darwin-arm64",
        "@oxfmt/binding-darwin-x64",
        "@oxfmt/binding-freebsd-x64",
        "@oxfmt/binding-linux-arm-gnueabihf",
        "@oxfmt/binding-linux-arm-musleabihf",
        "@oxfmt/binding-linux-arm64-gnu",
        "@oxfmt/binding-linux-arm64-musl",
        "@oxfmt/binding-linux-ppc64-gnu",
        "@oxfmt/binding-linux-riscv64-gnu",
        "@oxfmt/binding-linux-riscv64-musl",
        "@oxfmt/binding-linux-s390x-gnu",
        "@oxfmt/binding-linux-x64-gnu",
        "@oxfmt/binding-linux-x64-musl",
        "@oxfmt/binding-openharmony-arm64",
        "@oxfmt/binding-win32-arm64-msvc",
        "@oxfmt/binding-win32-ia32-msvc",
        "@oxfmt/binding-win32-x64-msvc"
      ],
      "optionalPeers": [
        "svelte"
      ],
      "bin": true
    },
    "prettier-plugin-svelte@3.5.2_prettier@3.8.3_svelte@5.55.7": {
      "integrity": "sha512-ItFouLvzSFE3ulNl4DKoWM3BGcbDCNVpIyy/Y3F2gC3aNiGLxtFUdffVqO5Z5hhYG+DFT5KULWaxmeFFpdbvaQ==",
      "dependencies": [
        "prettier",
        "svelte"
      ]
    },
    "prettier@3.8.3": {
      "integrity": "sha512-7igPTM53cGHMW8xWuVTydi2KO233VFiTNyF5hLJqpilHfmn8C8gPf+PS7dUT64YcXFbiMGZxS9pCSxL/Dxm/Jw==",
      "bin": true
    },
    "svelte@5.55.7": {
      "integrity": "sha512-ymI5ykLPwIHW839E053FQbI1G+jnRFJEw3Kv5Y4njixVWywQBx+NUFpkkKyk5LIb36Fg9DVXSYpqiGekLD0hyw==",
      "dependencies": [
        "@jridgewell/remapping",
        "@jridgewell/sourcemap-codec",
        "@sveltejs/acorn-typescript",
        "@types/estree",
        "@types/trusted-types",
        "acorn",
        "aria-query",
        "axobject-query",
        "clsx",
        "devalue",
        "esm-env",
        "esrap",
        "is-reference",
        "locate-character",
        "magic-string",
        "zimmerframe"
      ]
    },
    "tinypool@2.1.0": {
      "integrity": "sha512-Pugqs6M0m7Lv1I7FtxN4aoyToKg1C4tu+/381vH35y8oENM/Ai7f7C4StcoK4/+BSw9ebcS8jRiVrORFKCALLw=="
    },
    "tslib@2.8.1": {
      "integrity": "sha512-oJFu94HQb+KVduSUQL7wnpmqnfmLsOA/nAh6b6EH0wCEoK0/mPeXU6c3wKDV83MkOuHPRHtSXKKU99IBazS/2w=="
    },
    "zimmerframe@1.1.4": {
      "integrity": "sha512-B58NGBEoc8Y9MWWCQGl/gq9xBCe4IiKM0a2x7GZdQKOW5Exr8S1W24J6OgM1njK8xCRGvAJIL/MxXHf6SkmQKQ=="
    },
    "zod@4.3.6": {
      "integrity": "sha512-rftlrkhHZOcjDwkGlnUtZZkvaPHCsDATp4pGpuOOMDaTdDDXF91wuVDJoWoPsKX/3YPQ5fHuF3STjcYyKr+Qhg=="
    }
  },
  "remote": {
    "https://deno.land/std@0.224.0/assert/_constants.ts": "a271e8ef5a573f1df8e822a6eb9d09df064ad66a4390f21b3e31f820a38e0975",
    "https://deno.land/std@0.224.0/assert/assert.ts": "09d30564c09de846855b7b071e62b5974b001bb72a4b797958fe0660e7849834",
    "https://deno.land/std@0.224.0/assert/assert_almost_equals.ts": "9e416114322012c9a21fa68e187637ce2d7df25bcbdbfd957cd639e65d3cf293",
    "https://deno.land/std@0.224.0/assert/assert_array_includes.ts": "14c5094471bc8e4a7895fc6aa5a184300d8a1879606574cb1cd715ef36a4a3c7",
    "https://deno.land/std@0.224.0/assert/assert_equals.ts": "3bbca947d85b9d374a108687b1a8ba3785a7850436b5a8930d81f34a32cb8c74",
    "https://deno.land/std@0.224.0/assert/assert_exists.ts": "43420cf7f956748ae6ed1230646567b3593cb7a36c5a5327269279c870c5ddfd",
    "https://deno.land/std@0.224.0/assert/assert_false.ts": "3e9be8e33275db00d952e9acb0cd29481a44fa0a4af6d37239ff58d79e8edeff",
    "https://deno.land/std@0.224.0/assert/assert_greater.ts": "5e57b201fd51b64ced36c828e3dfd773412c1a6120c1a5a99066c9b261974e46",
    "https://deno.land/std@0.224.0/assert/assert_greater_or_equal.ts": "9870030f997a08361b6f63400273c2fb1856f5db86c0c3852aab2a002e425c5b",
    "https://deno.land/std@0.224.0/assert/assert_instance_of.ts": "e22343c1fdcacfaea8f37784ad782683ec1cf599ae9b1b618954e9c22f376f2c",
    "https://deno.land/std@0.224.0/assert/assert_is_error.ts": "f856b3bc978a7aa6a601f3fec6603491ab6255118afa6baa84b04426dd3cc491",
    "https://deno.land/std@0.224.0/assert/assert_less.ts": "60b61e13a1982865a72726a5fa86c24fad7eb27c3c08b13883fb68882b307f68",
    "https://deno.land/std@0.224.0/assert/assert_less_or_equal.ts": "d2c84e17faba4afe085e6c9123a63395accf4f9e00150db899c46e67420e0ec3",
    "https://deno.land/std@0.224.0/assert/assert_match.ts": "ace1710dd3b2811c391946954234b5da910c5665aed817943d086d4d4871a8b7",
    "https://deno.land/std@0.224.0/assert/assert_not_equals.ts": "78d45dd46133d76ce624b2c6c09392f6110f0df9b73f911d20208a68dee2ef29",
    "https://deno.land/std@0.224.0/assert/assert_not_instance_of.ts": "3434a669b4d20cdcc5359779301a0588f941ffdc2ad68803c31eabdb4890cf7a",
    "https://deno.land/std@0.224.0/assert/assert_not_match.ts": "df30417240aa2d35b1ea44df7e541991348a063d9ee823430e0b58079a72242a",
    "https://deno.land/std@0.224.0/assert/assert_not_strict_equals.ts": "37f73880bd672709373d6dc2c5f148691119bed161f3020fff3548a0496f71b8",
    "https://deno.land/std@0.224.0/assert/assert_object_match.ts": "411450fd194fdaabc0089ae68f916b545a49d7b7e6d0026e84a54c9e7eed2693",
    "https://deno.land/std@0.224.0/assert/assert_rejects.ts": "4bee1d6d565a5b623146a14668da8f9eb1f026a4f338bbf92b37e43e0aa53c31",
    "https://deno.land/std@0.224.0/assert/assert_strict_equals.ts": "b4f45f0fd2e54d9029171876bd0b42dd9ed0efd8f853ab92a3f50127acfa54f5",
    "https://deno.land/std@0.224.0/assert/assert_string_includes.ts": "496b9ecad84deab72c8718735373feb6cdaa071eb91a98206f6f3cb4285e71b8",
    "https://deno.land/std@0.224.0/assert/assert_throws.ts": "c6508b2879d465898dab2798009299867e67c570d7d34c90a2d235e4553906eb",
    "https://deno.land/std@0.224.0/assert/assertion_error.ts": "ba8752bd27ebc51f723702fac2f54d3e94447598f54264a6653d6413738a8917",
    "https://deno.land/std@0.224.0/assert/equal.ts": "bddf07bb5fc718e10bb72d5dc2c36c1ce5a8bdd3b647069b6319e07af181ac47",
    "https://deno.land/std@0.224.0/assert/fail.ts": "0eba674ffb47dff083f02ced76d5130460bff1a9a68c6514ebe0cdea4abadb68",
    "https://deno.land/std@0.224.0/assert/mod.ts": "48b8cb8a619ea0b7958ad7ee9376500fe902284bb36f0e32c598c3dc34cbd6f3",
    "https://deno.land/std@0.224.0/assert/unimplemented.ts": "8c55a5793e9147b4f1ef68cd66496b7d5ba7a9e7ca30c6da070c1a58da723d73",
    "https://deno.land/std@0.224.0/assert/unreachable.ts": "5ae3dbf63ef988615b93eb08d395dda771c96546565f9e521ed86f6510c29e19",
    "https://deno.land/std@0.224.0/fmt/colors.ts": "508563c0659dd7198ba4bbf87e97f654af3c34eb56ba790260f252ad8012e1c5",
    "https://deno.land/std@0.224.0/internal/diff.ts": "6234a4b493ebe65dc67a18a0eb97ef683626a1166a1906232ce186ae9f65f4e6",
    "https://deno.land/std@0.224.0/internal/format.ts": "0a98ee226fd3d43450245b1844b47003419d34d210fa989900861c79820d21c2",
    "https://deno.land/std@0.224.0/internal/mod.ts": "534125398c8e7426183e12dc255bb635d94e06d0f93c60a297723abe69d3b22e"
  },
  "workspace": {
    "dependencies": [
      "jsr:@std/fs@1",
      "npm:@biomejs/js-api@4.0.0",
      "npm:@biomejs/wasm-bundler@2.4.15",
      "npm:@fuzdev/fuz_util@0.60.1",
      "npm:@oxc-parser/binding-wasm32-wasi@0.131.0",
      "npm:@sveltejs/acorn-typescript@1.0.9",
      "npm:acorn@8.16.0",
      "npm:oxc-parser@0.131.0",
      "npm:oxfmt@0.50.0",
      "npm:prettier-plugin-svelte@3.5.2",
      "npm:prettier@3.8.3",
      "npm:svelte@5.55.7",
      "npm:zod@4"
    ]
  }
}
