{
  "version": "5",
  "specifiers": {
    "jsr:@std/cli@1": "1.0.27",
    "jsr:@std/fmt@^1.0.9": "1.0.9",
    "jsr:@std/fs@1": "1.0.19",
    "jsr:@std/internal@^1.0.10": "1.0.12",
    "jsr:@std/internal@^1.0.12": "1.0.12",
    "jsr:@std/internal@^1.0.9": "1.0.12",
    "jsr:@std/path@1": "1.1.2",
    "jsr:@std/path@^1.1.1": "1.1.2",
    "npm:@biomejs/js-api@4.0.0": "4.0.0_@biomejs+wasm-bundler@2.3.14",
    "npm:@biomejs/wasm-bundler@2.3.14": "2.3.14",
    "npm:@fuzdev/fuz_util@0.50.1": "0.50.1_svelte@5.50.0__acorn@8.15.0_zod@4.3.6",
    "npm:@sveltejs/acorn-typescript@1.0.8": "1.0.8_acorn@8.15.0",
    "npm:acorn@8.15.0": "8.15.0",
    "npm:oxc-parser@0.112.0": "0.112.0",
    "npm:oxfmt@0.28.0": "0.28.0",
    "npm:prettier-plugin-svelte@3.4.1": "3.4.1_prettier@3.7.4_svelte@5.50.0__acorn@8.15.0",
    "npm:prettier@3.7.4": "3.7.4",
    "npm:svelte@5.50.0": "5.50.0_acorn@8.15.0",
    "npm:zod@4": "4.3.6"
  },
  "jsr": {
    "@std/cli@1.0.27": {
      "integrity": "eba97edd0891871a7410e835dd94b3c260c709cca5983df2689c25a71fbe04de",
      "dependencies": [
        "jsr:@std/fmt",
        "jsr:@std/internal@^1.0.12"
      ]
    },
    "@std/fmt@1.0.9": {
      "integrity": "2487343e8899fb2be5d0e3d35013e54477ada198854e52dd05ed0422eddcabe0"
    },
    "@std/fs@1.0.19": {
      "integrity": "051968c2b1eae4d2ea9f79a08a3845740ef6af10356aff43d3e2ef11ed09fb06",
      "dependencies": [
        "jsr:@std/internal@^1.0.9",
        "jsr:@std/path@^1.1.1"
      ]
    },
    "@std/internal@1.0.12": {
      "integrity": "972a634fd5bc34b242024402972cd5143eac68d8dffaca5eaa4dba30ce17b027"
    },
    "@std/path@1.1.2": {
      "integrity": "c0b13b97dfe06546d5e16bf3966b1cadf92e1cc83e56ba5476ad8b498d9e3038",
      "dependencies": [
        "jsr:@std/internal@^1.0.10"
      ]
    }
  },
  "npm": {
    "@biomejs/js-api@4.0.0_@biomejs+wasm-bundler@2.3.14": {
      "integrity": "sha512-EOArR/6drRzM1/hwOIz1pZw90FL31Ud4Y7hEHGWVtMNmAwS9SrwZ8hMENGlLVXCeGW/kL46p8kX7eO6x9Nmezg==",
      "dependencies": [
        "@biomejs/wasm-bundler"
      ],
      "optionalPeers": [
        "@biomejs/wasm-bundler"
      ]
    },
    "@biomejs/wasm-bundler@2.3.14": {
      "integrity": "sha512-Xhu164eDbMnWbrvFC2DKRAQV1102iu7ZAXmvSuiXV0F0JdO1knLjq2Sx2cSBDzFKHLJdZUnSk4UVfjkYqqoLYQ=="
    },
    "@emnapi/core@1.8.1": {
      "integrity": "sha512-AvT9QFpxK0Zd8J0jopedNm+w/2fIzvtPKPjqyw9jwvBaReTTqPBk9Hixaz7KbjimP+QNz605/XnjFcDAL2pqBg==",
      "dependencies": [
        "@emnapi/wasi-threads",
        "tslib"
      ]
    },
    "@emnapi/runtime@1.8.1": {
      "integrity": "sha512-mehfKSMWjjNol8659Z8KxEMrdSJDDot5SXMq00dM8BN4o+CLNXQ0xH2V7EchNHV4RmbZLmmPdEaXZc5H2FXmDg==",
      "dependencies": [
        "tslib"
      ]
    },
    "@emnapi/wasi-threads@1.1.0": {
      "integrity": "sha512-WI0DdZ8xFSbgMjR1sFsKABJ/C5OnRrjT06JXbZKexJGrDuPTzZdDYfFlsgcCXCyf+suG5QU2e/y1Wo2V/OapLQ==",
      "dependencies": [
        "tslib"
      ]
    },
    "@fuzdev/fuz_util@0.50.1_svelte@5.50.0__acorn@8.15.0_zod@4.3.6": {
      "integrity": "sha512-ZPo69EcGt/nrWx5F/5A4rj5CfD9Mpr23jg4m0/6ns/dsaMOqlV/Z+8d1wgVF1UzuPQ2/gNBRST0rVRKcrBLuqA==",
      "dependencies": [
        "svelte",
        "zod"
      ],
      "optionalPeers": [
        "svelte",
        "zod"
      ]
    },
    "@jridgewell/gen-mapping@0.3.13": {
      "integrity": "sha512-2kkt/7niJ6MgEPxF0bYdQ6etZaA+fQvDcLKckhy1yIQOzaoKjBBjSj63/aLVjYE3qhRt5dvM+uUyfCg6UKCBbA==",
      "dependencies": [
        "@jridgewell/sourcemap-codec",
        "@jridgewell/trace-mapping"
      ]
    },
    "@jridgewell/remapping@2.3.5": {
      "integrity": "sha512-LI9u/+laYG4Ds1TDKSJW2YPrIlcVYOwi2fUC6xB43lueCjgxV4lffOCZCtYFiH6TNOX+tQKXx97T4IKHbhyHEQ==",
      "dependencies": [
        "@jridgewell/gen-mapping",
        "@jridgewell/trace-mapping"
      ]
    },
    "@jridgewell/resolve-uri@3.1.2": {
      "integrity": "sha512-bRISgCIjP20/tbWSPWMEi54QVPRZExkuD9lJL+UIxUKtwVJA8wW1Trb1jMs1RFXo1CBTNZ/5hpC9QvmKWdopKw=="
    },
    "@jridgewell/sourcemap-codec@1.5.5": {
      "integrity": "sha512-cYQ9310grqxueWbl+WuIUIaiUaDcj7WOq5fVhEljNVgRfOUhY9fy2zTvfoqWsnebh8Sl70VScFbICvJnLKB0Og=="
    },
    "@jridgewell/trace-mapping@0.3.31": {
      "integrity": "sha512-zzNR+SdQSDJzc8joaeP8QQoCQr8NuYx2dIIytl1QeBEZHJ9uW6hebsrYgbz8hJwUQao3TWCMtmfV8Nu1twOLAw==",
      "dependencies": [
        "@jridgewell/resolve-uri",
        "@jridgewell/sourcemap-codec"
      ]
    },
    "@napi-rs/wasm-runtime@1.1.1": {
      "integrity": "sha512-p64ah1M1ld8xjWv3qbvFwHiFVWrq1yFvV4f7w+mzaqiR4IlSgkqhcRdHwsGgomwzBH51sRY4NEowLxnaBjcW/A==",
      "dependencies": [
        "@emnapi/core",
        "@emnapi/runtime",
        "@tybys/wasm-util"
      ]
    },
    "@oxc-parser/binding-android-arm-eabi@0.112.0": {
      "integrity": "sha512-retxBzJ39Da7Lh/eZTn9+HJgTeDUxZIpuI0urOsmcFsBKXAth3lc1jIvwseQ9qbAI/VrsoFOXiGIzgclARbAHg==",
      "os": ["android"],
      "cpu": ["arm"]
    },
    "@oxc-parser/binding-android-arm64@0.112.0": {
      "integrity": "sha512-pRkbBRbuIIsufUWpOJ+JHWfJFNupkidy4sbjfcm37e6xwYrn9LSKMLubPHvNaL1Zf92ZRhGiwaYkEcmaFg2VcA==",
      "os": ["android"],
      "cpu": ["arm64"]
    },
    "@oxc-parser/binding-darwin-arm64@0.112.0": {
      "integrity": "sha512-fh6/KQL/cbH5DukT3VkdCqnULLuvVnszVKySD5IgSE0WZb32YZo/cPsPdEv052kk6w3N4agu+NTiMnZjcvhUIg==",
      "os": ["darwin"],
      "cpu": ["arm64"]
    },
    "@oxc-parser/binding-darwin-x64@0.112.0": {
      "integrity": "sha512-vUBOOY1E30vlu/DoTGDoT1UbLlwu5Yv9tqeBabAwRzwNDz8Skho16VKhsBDUiyqddtpsR3//v6vNk38w4c+6IA==",
      "os": ["darwin"],
      "cpu": ["x64"]
    },
    "@oxc-parser/binding-freebsd-x64@0.112.0": {
      "integrity": "sha512-hnEtO/9AVnYWzrgnp6L+oPs/6UqlFeteUL6n7magkd2tttgmx1C01hyNNh6nTpZfLzEVJSNJ0S+4NTsK2q2CxA==",
      "os": ["freebsd"],
      "cpu": ["x64"]
    },
    "@oxc-parser/binding-linux-arm-gnueabihf@0.112.0": {
      "integrity": "sha512-WxJrUz3pcIc2hp4lvJbvt/sTL33oX9NPvkD3vDDybE6tc0V++rS+hNOJxwXdD2FDIFPkHs/IEn5asEZFVH+VKw==",
      "os": ["linux"],
      "cpu": ["arm"]
    },
    "@oxc-parser/binding-linux-arm-musleabihf@0.112.0": {
      "integrity": "sha512-jj8A8WWySaJQqM9XKAIG8U2Q3qxhFQKrXPWv98d1oC35at+L1h+C+V4M3l8BAKhpHKCu3dYlloaAbHd5q1Hw6A==",
      "os": ["linux"],
      "cpu": ["arm"]
    },
    "@oxc-parser/binding-linux-arm64-gnu@0.112.0": {
      "integrity": "sha512-G2F8H6FcAExVK5vvhpSh61tqWx5QoaXXUnSsj5FyuDiFT/K7AMMVSQVqnZREDc+YxhrjB0vnKjCcuobXK63kIw==",
      "os": ["linux"],
      "cpu": ["arm64"]
    },
    "@oxc-parser/binding-linux-arm64-musl@0.112.0": {
      "integrity": "sha512-3R0iqjM3xYOZCnwgcxOQXH7hrz64/USDIuLbNTM1kZqQzRqaR4w7SwoWKU934zABo8d0op2oSwOp+CV3hZnM7A==",
      "os": ["linux"],
      "cpu": ["arm64"]
    },
    "@oxc-parser/binding-linux-ppc64-gnu@0.112.0": {
      "integrity": "sha512-lAQf8PQxfgy7h0bmcfSVE3hg3qMueshPYULFsCrHM+8KefGZ9W+ZMvRyU33gLrB4w1O3Fz1orR0hmKMCRxXNrQ==",
      "os": ["linux"],
      "cpu": ["ppc64"]
    },
    "@oxc-parser/binding-linux-riscv64-gnu@0.112.0": {
      "integrity": "sha512-2QlvQBUhHuAE3ezD4X3CAEKMXdfgInggQ5Bj/7gb5NcYP3GyfLTj7c+mMu+BRwfC9B3AXBNyqHWbqEuuUvZyRQ==",
      "os": ["linux"],
      "cpu": ["riscv64"]
    },
    "@oxc-parser/binding-linux-riscv64-musl@0.112.0": {
      "integrity": "sha512-v06iu0osHszgqJ1dLQRb6leWFU1sjG/UQk4MoVBtE6ZPewgfTkby6G9II1SpEAf2onnAuQceVYxQH9iuU3NJqw==",
      "os": ["linux"],
      "cpu": ["riscv64"]
    },
    "@oxc-parser/binding-linux-s390x-gnu@0.112.0": {
      "integrity": "sha512-+5HhNHtxsdcd7+ljXFnn9FOoCNXJX3UPgIfIE6vdwS1HqdGNH6eAcVobuqGOp54l8pvcxDQA6F4cPswCgLrQfQ==",
      "os": ["linux"],
      "cpu": ["s390x"]
    },
    "@oxc-parser/binding-linux-x64-gnu@0.112.0": {
      "integrity": "sha512-jKwO7ZLNkjxwg7FoCLw+fJszooL9yXRZsDN0AQ1AQUTWq1l8GH/2e44k68N3fcP19jl8O8jGpqLAZcQTYk6skA==",
      "os": ["linux"],
      "cpu": ["x64"]
    },
    "@oxc-parser/binding-linux-x64-musl@0.112.0": {
      "integrity": "sha512-TYqnuKV/p3eOc+N61E0961nA7DC+gaCeJ3+V2LcjJdTwFMdikqWL6uVk1jlrpUCBrozHDATVUKDZYH7r4FQYjQ==",
      "os": ["linux"],
      "cpu": ["x64"]
    },
    "@oxc-parser/binding-openharmony-arm64@0.112.0": {
      "integrity": "sha512-ZhrVmWFifVEFQX4XPwLoVFDHw9tAWH9p9vHsHFH+5uCKdfVR+jje4WxVo6YrokWCboGckoOzHq5KKMOcPZfkRg==",
      "os": ["openharmony"],
      "cpu": ["arm64"]
    },
    "@oxc-parser/binding-wasm32-wasi@0.112.0": {
      "integrity": "sha512-Gr8X2PUU3hX1g3F5oLWIZB8DhzDmjr5TfOrmn5tlBOo9l8ojPGdKjnIBfObM7X15928vza8QRKW25RTR7jfivg==",
      "dependencies": [
        "@napi-rs/wasm-runtime"
      ],
      "cpu": ["wasm32"]
    },
    "@oxc-parser/binding-win32-arm64-msvc@0.112.0": {
      "integrity": "sha512-t5CDLbU70Ea88bGRhvU/dLJTc/Wcrtf2Jp534E8P3cgjAvHDjdKsfDDqBZrhybJ8Jv9v9vW5ngE40EK51BluDA==",
      "os": ["win32"],
      "cpu": ["arm64"]
    },
    "@oxc-parser/binding-win32-ia32-msvc@0.112.0": {
      "integrity": "sha512-rZH0JynCCwnhe2HfRoyNOl/Kfd9pudoWxgpC5OZhj7j77pMK0UOAa35hYDfrtSOUk2HLzrikV5dPUOY2DpSBSA==",
      "os": ["win32"],
      "cpu": ["ia32"]
    },
    "@oxc-parser/binding-win32-x64-msvc@0.112.0": {
      "integrity": "sha512-oGHluohzmVFAuQrkEnl1OXAxMz2aYmimxUqIgKXpBgbr7PvFv0doELB273sX+5V3fKeggohKg1A2Qq21W9Z9cQ==",
      "os": ["win32"],
      "cpu": ["x64"]
    },
    "@oxc-project/types@0.112.0": {
      "integrity": "sha512-m6RebKHIRsax2iCwVpYW2ErQwa4ywHJrE4sCK3/8JK8ZZAWOKXaRJFl/uP51gaVyyXlaS4+chU1nSCdzYf6QqQ=="
    },
    "@oxfmt/darwin-arm64@0.28.0": {
      "integrity": "sha512-jmUfF7cNJPw57bEK7sMIqrYRgn4LH428tSgtgLTCtjuGuu1ShREyrkeB7y8HtkXRfhBs4lVY+HMLhqElJvZ6ww==",
      "os": ["darwin"],
      "cpu": ["arm64"]
    },
    "@oxfmt/darwin-x64@0.28.0": {
      "integrity": "sha512-S6vlV8S7jbjzJOSjfVg2CimUC0r7/aHDLdUm/3+/B/SU/s1jV7ivqWkMv1/8EB43d1BBwT9JQ60ZMTkBqeXSFA==",
      "os": ["darwin"],
      "cpu": ["x64"]
    },
    "@oxfmt/linux-arm64-gnu@0.28.0": {
      "integrity": "sha512-TfJkMZjePbLiskmxFXVAbGI/OZtD+y+fwS0wyW8O6DWG0ARTf0AipY9zGwGoOdpFuXOJceXvN4SHGLbYNDMY4Q==",
      "os": ["linux"],
      "cpu": ["arm64"]
    },
    "@oxfmt/linux-arm64-musl@0.28.0": {
      "integrity": "sha512-7fyQUdW203v4WWGr1T3jwTz4L7KX9y5DeATryQ6fLT6QQp9GEuct8/k0lYhd+ys42iTV/IkJF20e3YkfSOOILg==",
      "os": ["linux"],
      "cpu": ["arm64"]
    },
    "@oxfmt/linux-x64-gnu@0.28.0": {
      "integrity": "sha512-sRKqAvEonuz0qr1X1ncUZceOBJerKzkO2gZIZmosvy/JmqyffpIFL3OE2tqacFkeDhrC+dNYQpusO8zsfHo3pw==",
      "os": ["linux"],
      "cpu": ["x64"]
    },
    "@oxfmt/linux-x64-musl@0.28.0": {
      "integrity": "sha512-fW6czbXutX/tdQe8j4nSIgkUox9RXqjyxwyWXUDItpoDkoXllq17qbD7GVc0whrEhYQC6hFE1UEAcDypLJoSzw==",
      "os": ["linux"],
      "cpu": ["x64"]
    },
    "@oxfmt/win32-arm64@0.28.0": {
      "integrity": "sha512-D/HDeQBAQRjTbD9OLV6kRDcStrIfO+JsUODDCdGmhRfNX8LPCx95GpfyybpZfn3wVF8Jq/yjPXV1xLkQ+s7RcA==",
      "os": ["win32"],
      "cpu": ["arm64"]
    },
    "@oxfmt/win32-x64@0.28.0": {
      "integrity": "sha512-4+S2j4OxOIyo8dz5osm5dZuL0yVmxXvtmNdHB5xyGwAWVvyWNvf7tCaQD7w2fdSsAXQLOvK7KFQrHFe33nJUCA==",
      "os": ["win32"],
      "cpu": ["x64"]
    },
    "@sveltejs/acorn-typescript@1.0.8_acorn@8.15.0": {
      "integrity": "sha512-esgN+54+q0NjB0Y/4BomT9samII7jGwNy/2a3wNZbT2A2RpmXsXwUt24LvLhx6jUq2gVk4cWEvcRO6MFQbOfNA==",
      "dependencies": [
        "acorn"
      ]
    },
    "@tybys/wasm-util@0.10.1": {
      "integrity": "sha512-9tTaPJLSiejZKx+Bmog4uSubteqTvFrVrURwkmHixBo0G4seD0zUxp98E1DzUBJxLQ3NPwXrGKDiVjwx/DpPsg==",
      "dependencies": [
        "tslib"
      ]
    },
    "@types/estree@1.0.8": {
      "integrity": "sha512-dWHzHa2WqEXI/O1E9OjrocMTKJl2mSrEolh1Iomrv6U+JuNwaHXsXx9bLu5gG7BUWFIN0skIQJQ/L1rIex4X6w=="
    },
    "acorn@8.15.0": {
      "integrity": "sha512-NZyJarBfL7nWwIq+FDL6Zp/yHEhePMNnnJ0y3qfieCrmNvYct8uvtiV41UvlSe6apAfk0fY1FbWx+NwfmpvtTg==",
      "bin": true
    },
    "aria-query@5.3.2": {
      "integrity": "sha512-COROpnaoap1E2F000S62r6A60uHZnmlvomhfyT2DlTcrY1OrBKn2UhH7qn5wTC9zMvD0AY7csdPSNwKP+7WiQw=="
    },
    "axobject-query@4.1.0": {
      "integrity": "sha512-qIj0G9wZbMGNLjLmg1PT6v2mE9AH2zlnADJD/2tC6E00hgmhUOfEB6greHPAfLRSufHqROIUTkw6E+M3lH0PTQ=="
    },
    "clsx@2.1.1": {
      "integrity": "sha512-eYm0QWBtUrBWZWG0d386OGAw16Z995PiOVo2B7bjWSbHedGl5e0ZWaq65kOGgUSNesEIDkB9ISbTg/JK9dhCZA=="
    },
    "devalue@5.6.2": {
      "integrity": "sha512-nPRkjWzzDQlsejL1WVifk5rvcFi/y1onBRxjaFMjZeR9mFpqu2gmAZ9xUB9/IEanEP/vBtGeGganC/GO1fmufg=="
    },
    "esm-env@1.2.2": {
      "integrity": "sha512-Epxrv+Nr/CaL4ZcFGPJIYLWFom+YeV1DqMLHJoEd9SYRxNbaFruBwfEX/kkHUJf55j2+TUbmDcmuilbP1TmXHA=="
    },
    "esrap@2.2.3": {
      "integrity": "sha512-8fOS+GIGCQZl/ZIlhl59htOlms6U8NvX6ZYgYHpRU/b6tVSh3uHkOHZikl3D4cMbYM0JlpBe+p/BkZEi8J9XIQ==",
      "dependencies": [
        "@jridgewell/sourcemap-codec"
      ]
    },
    "is-reference@3.0.3": {
      "integrity": "sha512-ixkJoqQvAP88E6wLydLGGqCJsrFUnqoH6HnaczB8XmDH1oaWU+xxdptvikTgaEhtZ53Ky6YXiBuUI2WXLMCwjw==",
      "dependencies": [
        "@types/estree"
      ]
    },
    "locate-character@3.0.0": {
      "integrity": "sha512-SW13ws7BjaeJ6p7Q6CO2nchbYEc3X3J6WrmTTDto7yMPqVSZTUyY5Tjbid+Ab8gLnATtygYtiDIJGQRRn2ZOiA=="
    },
    "magic-string@0.30.21": {
      "integrity": "sha512-vd2F4YUyEXKGcLHoq+TEyCjxueSeHnFxyyjNp80yg0XV4vUhnDer/lvvlqM/arB5bXQN5K2/3oinyCRyx8T2CQ==",
      "dependencies": [
        "@jridgewell/sourcemap-codec"
      ]
    },
    "oxc-parser@0.112.0": {
      "integrity": "sha512-7rQ3QdJwobMQLMZwQaPuPYMEF2fDRZwf51lZ//V+bA37nejjKW5ifMHbbCwvA889Y4RLhT+/wLJpPRhAoBaZYw==",
      "dependencies": [
        "@oxc-project/types"
      ],
      "optionalDependencies": [
        "@oxc-parser/binding-android-arm-eabi",
        "@oxc-parser/binding-android-arm64",
        "@oxc-parser/binding-darwin-arm64",
        "@oxc-parser/binding-darwin-x64",
        "@oxc-parser/binding-freebsd-x64",
        "@oxc-parser/binding-linux-arm-gnueabihf",
        "@oxc-parser/binding-linux-arm-musleabihf",
        "@oxc-parser/binding-linux-arm64-gnu",
        "@oxc-parser/binding-linux-arm64-musl",
        "@oxc-parser/binding-linux-ppc64-gnu",
        "@oxc-parser/binding-linux-riscv64-gnu",
        "@oxc-parser/binding-linux-riscv64-musl",
        "@oxc-parser/binding-linux-s390x-gnu",
        "@oxc-parser/binding-linux-x64-gnu",
        "@oxc-parser/binding-linux-x64-musl",
        "@oxc-parser/binding-openharmony-arm64",
        "@oxc-parser/binding-wasm32-wasi",
        "@oxc-parser/binding-win32-arm64-msvc",
        "@oxc-parser/binding-win32-ia32-msvc",
        "@oxc-parser/binding-win32-x64-msvc"
      ]
    },
    "oxfmt@0.28.0": {
      "integrity": "sha512-3+hhBqPE6Kp22KfJmnstrZbl+KdOVSEu1V0ABaFIg1rYLtrMgrupx9znnHgHLqKxAVHebjTdiCJDk30CXOt6cw==",
      "dependencies": [
        "tinypool"
      ],
      "optionalDependencies": [
        "@oxfmt/darwin-arm64",
        "@oxfmt/darwin-x64",
        "@oxfmt/linux-arm64-gnu",
        "@oxfmt/linux-arm64-musl",
        "@oxfmt/linux-x64-gnu",
        "@oxfmt/linux-x64-musl",
        "@oxfmt/win32-arm64",
        "@oxfmt/win32-x64"
      ],
      "bin": true
    },
    "prettier-plugin-svelte@3.4.1_prettier@3.7.4_svelte@5.50.0__acorn@8.15.0": {
      "integrity": "sha512-xL49LCloMoZRvSwa6IEdN2GV6cq2IqpYGstYtMT+5wmml1/dClEoI0MZR78MiVPpu6BdQFfN0/y73yO6+br5Pg==",
      "dependencies": [
        "prettier",
        "svelte"
      ]
    },
    "prettier@3.7.4": {
      "integrity": "sha512-v6UNi1+3hSlVvv8fSaoUbggEM5VErKmmpGA7Pl3HF8V6uKY7rvClBOJlH6yNwQtfTueNkGVpOv/mtWL9L4bgRA==",
      "bin": true
    },
    "svelte@5.50.0_acorn@8.15.0": {
      "integrity": "sha512-FR9kTLmX5i0oyeQ5j/+w8DuagIkQ7MWMuPpPVioW2zx9Dw77q+1ufLzF1IqNtcTXPRnIIio4PlasliVn43OnbQ==",
      "dependencies": [
        "@jridgewell/remapping",
        "@jridgewell/sourcemap-codec",
        "@sveltejs/acorn-typescript",
        "@types/estree",
        "acorn",
        "aria-query",
        "axobject-query",
        "clsx",
        "devalue",
        "esm-env",
        "esrap",
        "is-reference",
        "locate-character",
        "magic-string",
        "zimmerframe"
      ]
    },
    "tinypool@2.1.0": {
      "integrity": "sha512-Pugqs6M0m7Lv1I7FtxN4aoyToKg1C4tu+/381vH35y8oENM/Ai7f7C4StcoK4/+BSw9ebcS8jRiVrORFKCALLw=="
    },
    "tslib@2.8.1": {
      "integrity": "sha512-oJFu94HQb+KVduSUQL7wnpmqnfmLsOA/nAh6b6EH0wCEoK0/mPeXU6c3wKDV83MkOuHPRHtSXKKU99IBazS/2w=="
    },
    "zimmerframe@1.1.4": {
      "integrity": "sha512-B58NGBEoc8Y9MWWCQGl/gq9xBCe4IiKM0a2x7GZdQKOW5Exr8S1W24J6OgM1njK8xCRGvAJIL/MxXHf6SkmQKQ=="
    },
    "zod@4.3.6": {
      "integrity": "sha512-rftlrkhHZOcjDwkGlnUtZZkvaPHCsDATp4pGpuOOMDaTdDDXF91wuVDJoWoPsKX/3YPQ5fHuF3STjcYyKr+Qhg=="
    }
  },
  "workspace": {
    "dependencies": [
      "jsr:@std/cli@1",
      "jsr:@std/fs@1",
      "jsr:@std/path@1",
      "npm:@biomejs/js-api@4.0.0",
      "npm:@biomejs/wasm-bundler@2.3.14",
      "npm:@fuzdev/fuz_util@0.50.1",
      "npm:@sveltejs/acorn-typescript@1.0.8",
      "npm:acorn@8.15.0",
      "npm:oxc-parser@0.112.0",
      "npm:oxfmt@0.28.0",
      "npm:prettier-plugin-svelte@3.4.1",
      "npm:prettier@3.7.4",
      "npm:svelte@5.50.0",
      "npm:zod@4"
    ]
  }
}
